
Microsoft Visual Studio Solution File, Format Version 12.00
# Visual Studio Version 16
VisualStudioVersion = 16.0.30804.86
MinimumVisualStudioVersion = 10.0.40219.1
Project("{9A19103F-16F7-4668-BE54-9A1E7A4F7556}") = "Store.Calculator.Infrastructure", "Store.Calculator.Infrastructure\Store.Calculator.Infrastructure.csproj", "{31CDE9AF-39DD-445A-8EEE-2F55BE168DE2}"
EndProject
Project("{9A19103F-16F7-4668-BE54-9A1E7A4F7556}") = "Store.Calculator.Services", "Store.Calculator.Services\Store.Calculator.Services.csproj", "{64AB0786-D607-4DB4-94A7-82D09360682C}"
EndProject
Project("{FAE04EC0-301F-11D3-BF4B-00C04F79EFBC}") = "Store.Calculator.App", "Store.Calculator.App\Store.Calculator.App.csproj", "{2A7249FA-F12A-4D20-ACC4-2F2014F9C928}"
EndProject
Project("{9A19103F-16F7-4668-BE54-9A1E7A4F7556}") = "Store.Calculator.Tests", "Store.Calculator.test\Store.Calculator.Tests.csproj", "{CBCF1670-5B15-4A19-8EED-BD443955B5D4}"
EndProject
Project("{9A19103F-16F7-4668-BE54-9A1E7A4F7556}") = "Store.Calculator.Domain", "Store.Calculator.Domain\Store.Calculator.Domain.csproj", "{46042736-AC68-4E08-98A3-24032644AAA5}"
EndProject
Global
	GlobalSection(SolutionConfigurationPlatforms) = preSolution
		Debug|Any CPU = Debug|Any CPU
		Release|Any CPU = Release|Any CPU
	EndGlobalSection
	GlobalSection(ProjectConfigurationPlatforms) = postSolution
		{31CDE9AF-39DD-445A-8EEE-2F55BE168DE2}.Debug|Any CPU.ActiveCfg = Debug|Any CPU
		{31CDE9AF-39DD-445A-8EEE-2F55BE168DE2}.Debug|Any CPU.Build.0 = Debug|Any CPU
		{31CDE9AF-39DD-445A-8EEE-2F55BE168DE2}.Release|Any CPU.ActiveCfg = Release|Any CPU
		{31CDE9AF-39DD-445A-8EEE-2F55BE168DE2}.Release|Any CPU.Build.0 = Release|Any CPU
		{64AB0786-D607-4DB4-94A7-82D09360682C}.Debug|Any CPU.ActiveCfg = Debug|Any CPU
		{64AB0786-D607-4DB4-94A7-82D09360682C}.Debug|Any CPU.Build.0 = Debug|Any CPU
		{64AB0786-D607-4DB4-94A7-82D09360682C}.Release|Any CPU.ActiveCfg = Release|Any CPU
		{64AB0786-D607-4DB4-94A7-82D09360682C}.Release|Any CPU.Build.0 = Release|Any CPU
		{2A7249FA-F12A-4D20-ACC4-2F2014F9C928}.Debug|Any CPU.ActiveCfg = Debug|Any CPU
		{2A7249FA-F12A-4D20-ACC4-2F2014F9C928}.Debug|Any CPU.Build.0 = Debug|Any CPU
		{2A7249FA-F12A-4D20-ACC4-2F2014F9C928}.Release|Any CPU.ActiveCfg = Release|Any CPU
		{2A7249FA-F12A-4D20-ACC4-2F2014F9C928}.Release|Any CPU.Build.0 = Release|Any CPU
		{CBCF1670-5B15-4A19-8EED-BD443955B5D4}.Debug|Any CPU.ActiveCfg = Debug|Any CPU
		{CBCF1670-5B15-4A19-8EED-BD443955B5D4}.Debug|Any CPU.Build.0 = Debug|Any CPU
		{CBCF1670-5B15-4A19-8EED-BD443955B5D4}.Release|Any CPU.ActiveCfg = Release|Any CPU
		{CBCF1670-5B15-4A19-8EED-BD443955B5D4}.Release|Any CPU.Build.0 = Release|Any CPU
		{46042736-AC68-4E08-98A3-24032644AAA5}.Debug|Any CPU.ActiveCfg = Debug|Any CPU
		{46042736-AC68-4E08-98A3-24032644AAA5}.Debug|Any CPU.Build.0 = Debug|Any CPU
		{46042736-AC68-4E08-98A3-24032644AAA5}.Release|Any CPU.ActiveCfg = Release|Any CPU
		{46042736-AC68-4E08-98A3-24032644AAA5}.Release|Any CPU.Build.0 = Release|Any CPU
	EndGlobalSection
	GlobalSection(SolutionProperties) = preSolution
		HideSolutionNode = FALSE
	EndGlobalSection
	GlobalSection(ExtensibilityGlobals) = postSolution
		SolutionGuid = {89445764-920C-4C2A-9A3C-7DE11F6A64EE}
	EndGlobalSection
EndGlobal
