
Microsoft Visual Studio Solution File, Format Version 12.00
# Visual Studio Version 16
VisualStudioVersion = 16.0.30804.86
MinimumVisualStudioVersion = 10.0.40219.1
Project("{FAE04EC0-301F-11D3-BF4B-00C04F79EFBC}") = "Store.Calculator.App", "store-calculator\Store.Calculator.App.csproj", "{2A7249FA-F12A-4D20-ACC4-2F2014F9C928}"
EndProject
Project("{FAE04EC0-301F-11D3-BF4B-00C04F79EFBC}") = "Store.Calculator.Tests", "store-calculator.test\Store.Calculator.Tests.csproj", "{591478D9-6216-457E-BF89-DF1ECD2B0713}"
EndProject
Project("{FAE04EC0-301F-11D3-BF4B-00C04F79EFBC}") = "Store.Calculator.Infrastructure", "Store.Calculator.Infrastructure\Store.Calculator.Infrastructure.csproj", "{31CDE9AF-39DD-445A-8EEE-2F55BE168DE2}"
EndProject
Project("{FAE04EC0-301F-11D3-BF4B-00C04F79EFBC}") = "Store.Calculator.Services", "Store.Calculator.Services\Store.Calculator.Services.csproj", "{64AB0786-D607-4DB4-94A7-82D09360682C}"
EndProject
Project("{FAE04EC0-301F-11D3-BF4B-00C04F79EFBC}") = "Store.Calculator.Model", "Store.Calculator.Model\Store.Calculator.Model.csproj", "{F1BAA28C-D194-49B9-BB10-08867B518C0F}"
EndProject
Global
	GlobalSection(SolutionConfigurationPlatforms) = preSolution
		Debug|Any CPU = Debug|Any CPU
		Release|Any CPU = Release|Any CPU
	EndGlobalSection
	GlobalSection(ProjectConfigurationPlatforms) = postSolution
		{2A7249FA-F12A-4D20-ACC4-2F2014F9C928}.Debug|Any CPU.ActiveCfg = Debug|Any CPU
		{2A7249FA-F12A-4D20-ACC4-2F2014F9C928}.Debug|Any CPU.Build.0 = Debug|Any CPU
		{2A7249FA-F12A-4D20-ACC4-2F2014F9C928}.Release|Any CPU.ActiveCfg = Release|Any CPU
		{2A7249FA-F12A-4D20-ACC4-2F2014F9C928}.Release|Any CPU.Build.0 = Release|Any CPU
		{591478D9-6216-457E-BF89-DF1ECD2B0713}.Debug|Any CPU.ActiveCfg = Debug|Any CPU
		{591478D9-6216-457E-BF89-DF1ECD2B0713}.Debug|Any CPU.Build.0 = Debug|Any CPU
		{591478D9-6216-457E-BF89-DF1ECD2B0713}.Release|Any CPU.ActiveCfg = Release|Any CPU
		{591478D9-6216-457E-BF89-DF1ECD2B0713}.Release|Any CPU.Build.0 = Release|Any CPU
		{31CDE9AF-39DD-445A-8EEE-2F55BE168DE2}.Debug|Any CPU.ActiveCfg = Debug|Any CPU
		{31CDE9AF-39DD-445A-8EEE-2F55BE168DE2}.Debug|Any CPU.Build.0 = Debug|Any CPU
		{31CDE9AF-39DD-445A-8EEE-2F55BE168DE2}.Release|Any CPU.ActiveCfg = Release|Any CPU
		{31CDE9AF-39DD-445A-8EEE-2F55BE168DE2}.Release|Any CPU.Build.0 = Release|Any CPU
		{64AB0786-D607-4DB4-94A7-82D09360682C}.Debug|Any CPU.ActiveCfg = Debug|Any CPU
		{64AB0786-D607-4DB4-94A7-82D09360682C}.Debug|Any CPU.Build.0 = Debug|Any CPU
		{64AB0786-D607-4DB4-94A7-82D09360682C}.Release|Any CPU.ActiveCfg = Release|Any CPU
		{64AB0786-D607-4DB4-94A7-82D09360682C}.Release|Any CPU.Build.0 = Release|Any CPU
		{F1BAA28C-D194-49B9-BB10-08867B518C0F}.Debug|Any CPU.ActiveCfg = Debug|Any CPU
		{F1BAA28C-D194-49B9-BB10-08867B518C0F}.Debug|Any CPU.Build.0 = Debug|Any CPU
		{F1BAA28C-D194-49B9-BB10-08867B518C0F}.Release|Any CPU.ActiveCfg = Release|Any CPU
		{F1BAA28C-D194-49B9-BB10-08867B518C0F}.Release|Any CPU.Build.0 = Release|Any CPU
	EndGlobalSection
	GlobalSection(SolutionProperties) = preSolution
		HideSolutionNode = FALSE
	EndGlobalSection
	GlobalSection(ExtensibilityGlobals) = postSolution
		SolutionGuid = {89445764-920C-4C2A-9A3C-7DE11F6A64EE}
	EndGlobalSection
EndGlobal
